
Microsoft Visual Studio Solution File, Format Version 12.00
# Visual Studio 14
VisualStudioVersion = 14.0.25420.1
MinimumVisualStudioVersion = 10.0.40219.1
Project("{FAE04EC0-301F-11D3-BF4B-00C04F79EFBC}") = "{{cookiecutter.project_name}}.Layouts", "{{cookiecutter.project_name}}.Layouts\{{cookiecutter.project_name}}.Layouts.csproj", "{0B4E4CF9-88E8-43CC-9162-2F17946A40E9}"
EndProject
Project("{FAE04EC0-301F-11D3-BF4B-00C04F79EFBC}") = "{{cookiecutter.project_name}}.Service", "{{cookiecutter.project_name}}.Service\{{cookiecutter.project_name}}.Service.csproj", "{4E95247E-94D7-4599-B935-24C18B8898DB}"
EndProject
Project("{2150E333-8FDC-42A3-9474-1A3956D46DE8}") = "Solution Items", "Solution Items", "{8CA5C120-8FC8-493D-B92B-95E3AC52A7E7}"
	ProjectSection(SolutionItems) = preProject
		cookiecutter.json = cookiecutter.json
	EndProjectSection
EndProject
Global
	GlobalSection(SolutionConfigurationPlatforms) = preSolution
		Debug|Any CPU = Debug|Any CPU
		Release|Any CPU = Release|Any CPU
	EndGlobalSection
	GlobalSection(ProjectConfigurationPlatforms) = postSolution
		{0B4E4CF9-88E8-43CC-9162-2F17946A40E9}.Debug|Any CPU.ActiveCfg = Debug|Any CPU
		{0B4E4CF9-88E8-43CC-9162-2F17946A40E9}.Debug|Any CPU.Build.0 = Debug|Any CPU
		{0B4E4CF9-88E8-43CC-9162-2F17946A40E9}.Debug|Any CPU.Deploy.0 = Debug|Any CPU
		{0B4E4CF9-88E8-43CC-9162-2F17946A40E9}.Release|Any CPU.ActiveCfg = Release|Any CPU
		{0B4E4CF9-88E8-43CC-9162-2F17946A40E9}.Release|Any CPU.Build.0 = Release|Any CPU
		{0B4E4CF9-88E8-43CC-9162-2F17946A40E9}.Release|Any CPU.Deploy.0 = Release|Any CPU
		{4E95247E-94D7-4599-B935-24C18B8898DB}.Debug|Any CPU.ActiveCfg = Debug|Any CPU
		{4E95247E-94D7-4599-B935-24C18B8898DB}.Debug|Any CPU.Build.0 = Debug|Any CPU
		{4E95247E-94D7-4599-B935-24C18B8898DB}.Debug|Any CPU.Deploy.0 = Debug|Any CPU
		{4E95247E-94D7-4599-B935-24C18B8898DB}.Release|Any CPU.ActiveCfg = Release|Any CPU
		{4E95247E-94D7-4599-B935-24C18B8898DB}.Release|Any CPU.Build.0 = Release|Any CPU
		{4E95247E-94D7-4599-B935-24C18B8898DB}.Release|Any CPU.Deploy.0 = Release|Any CPU
	EndGlobalSection
	GlobalSection(SolutionProperties) = preSolution
		HideSolutionNode = FALSE
	EndGlobalSection
	GlobalSection(ExtensibilityGlobals) = postSolution
		VisualSVNWorkingCopyRoot = .
	EndGlobalSection
EndGlobal
